
Microsoft Visual Studio Solution File, Format Version 12.00
# Visual Studio 15
VisualStudioVersion = 15.0.27428.1
MinimumVisualStudioVersion = 10.0.40219.1
Project("{FAE04EC0-301F-11D3-BF4B-00C04F79EFBC}") = "UI", "UI\UI.csproj", "{02C64343-818A-4E38-9F6C-14DBBDDC261A}"
EndProject
Project("{FAE04EC0-301F-11D3-BF4B-00C04F79EFBC}") = "DAL", "DAL\DAL.csproj", "{367EBC16-FFDA-4A48-94D3-5A3E98C1D104}"
EndProject
Project("{FAE04EC0-301F-11D3-BF4B-00C04F79EFBC}") = "BL", "BL\BL.csproj", "{C81FB7E5-CA76-4BD5-A9C4-E2A12C445E90}"
EndProject
Project("{FAE04EC0-301F-11D3-BF4B-00C04F79EFBC}") = "BE", "BE\BE.csproj", "{5580CD0D-2CA0-4B01-AA46-2A3A2A0C0E7E}"
EndProject
Global
	GlobalSection(SolutionConfigurationPlatforms) = preSolution
		Debug|Any CPU = Debug|Any CPU
		Release|Any CPU = Release|Any CPU
	EndGlobalSection
	GlobalSection(ProjectConfigurationPlatforms) = postSolution
		{02C64343-818A-4E38-9F6C-14DBBDDC261A}.Debug|Any CPU.ActiveCfg = Debug|Any CPU
		{02C64343-818A-4E38-9F6C-14DBBDDC261A}.Debug|Any CPU.Build.0 = Debug|Any CPU
		{02C64343-818A-4E38-9F6C-14DBBDDC261A}.Release|Any CPU.ActiveCfg = Release|Any CPU
		{02C64343-818A-4E38-9F6C-14DBBDDC261A}.Release|Any CPU.Build.0 = Release|Any CPU
		{367EBC16-FFDA-4A48-94D3-5A3E98C1D104}.Debug|Any CPU.ActiveCfg = Debug|Any CPU
		{367EBC16-FFDA-4A48-94D3-5A3E98C1D104}.Debug|Any CPU.Build.0 = Debug|Any CPU
		{367EBC16-FFDA-4A48-94D3-5A3E98C1D104}.Release|Any CPU.ActiveCfg = Release|Any CPU
		{367EBC16-FFDA-4A48-94D3-5A3E98C1D104}.Release|Any CPU.Build.0 = Release|Any CPU
		{C81FB7E5-CA76-4BD5-A9C4-E2A12C445E90}.Debug|Any CPU.ActiveCfg = Debug|Any CPU
		{C81FB7E5-CA76-4BD5-A9C4-E2A12C445E90}.Debug|Any CPU.Build.0 = Debug|Any CPU
		{C81FB7E5-CA76-4BD5-A9C4-E2A12C445E90}.Release|Any CPU.ActiveCfg = Release|Any CPU
		{C81FB7E5-CA76-4BD5-A9C4-E2A12C445E90}.Release|Any CPU.Build.0 = Release|Any CPU
		{5580CD0D-2CA0-4B01-AA46-2A3A2A0C0E7E}.Debug|Any CPU.ActiveCfg = Debug|Any CPU
		{5580CD0D-2CA0-4B01-AA46-2A3A2A0C0E7E}.Debug|Any CPU.Build.0 = Debug|Any CPU
		{5580CD0D-2CA0-4B01-AA46-2A3A2A0C0E7E}.Release|Any CPU.ActiveCfg = Release|Any CPU
		{5580CD0D-2CA0-4B01-AA46-2A3A2A0C0E7E}.Release|Any CPU.Build.0 = Release|Any CPU
	EndGlobalSection
	GlobalSection(SolutionProperties) = preSolution
		HideSolutionNode = FALSE
	EndGlobalSection
	GlobalSection(ExtensibilityGlobals) = postSolution
		SolutionGuid = {A3CF9180-51C3-41B3-8070-224E41AAD7E4}
	EndGlobalSection
EndGlobal
